// !$*UTF8*$!
{
	archiveVersion = 1;
	classes = {
	};
	objectVersion = 50;
	objects = {

/* Begin PBXBuildFile section */
		7CED0D9626178F8800FE4893 /* AppDelegate.swift in Sources */ = {isa = PBXBuildFile; fileRef = 7CED0D9526178F8800FE4893 /* AppDelegate.swift */; };
		7CED0D9826178F8800FE4893 /* SceneDelegate.swift in Sources */ = {isa = PBXBuildFile; fileRef = 7CED0D9726178F8800FE4893 /* SceneDelegate.swift */; };
		7CED0D9A26178F8800FE4893 /* HomeVC.swift in Sources */ = {isa = PBXBuildFile; fileRef = 7CED0D9926178F8800FE4893 /* HomeVC.swift */; };
		7CED0D9D26178F8800FE4893 /* Main.storyboard in Resources */ = {isa = PBXBuildFile; fileRef = 7CED0D9B26178F8800FE4893 /* Main.storyboard */; };
		7CED0D9F26178F8900FE4893 /* Assets.xcassets in Resources */ = {isa = PBXBuildFile; fileRef = 7CED0D9E26178F8900FE4893 /* Assets.xcassets */; };
		7CED0DA226178F8900FE4893 /* LaunchScreen.storyboard in Resources */ = {isa = PBXBuildFile; fileRef = 7CED0DA026178F8900FE4893 /* LaunchScreen.storyboard */; };
		7CED0DAD26179B3400FE4893 /* CollectionVC.swift in Sources */ = {isa = PBXBuildFile; fileRef = 7CED0DAC26179B3400FE4893 /* CollectionVC.swift */; };
/* End PBXBuildFile section */

/* Begin PBXFileReference section */
		7CED0D9226178F8800FE4893 /* CustomCollectionViewLayout.app */ = {isa = PBXFileReference; explicitFileType = wrapper.application; includeInIndex = 0; path = CustomCollectionViewLayout.app; sourceTree = BUILT_PRODUCTS_DIR; };
		7CED0D9526178F8800FE4893 /* AppDelegate.swift */ = {isa = PBXFileReference; lastKnownFileType = sourcecode.swift; path = AppDelegate.swift; sourceTree = "<group>"; };
		7CED0D9726178F8800FE4893 /* SceneDelegate.swift */ = {isa = PBXFileReference; lastKnownFileType = sourcecode.swift; path = SceneDelegate.swift; sourceTree = "<group>"; };
		7CED0D9926178F8800FE4893 /* HomeVC.swift */ = {isa = PBXFileReference; lastKnownFileType = sourcecode.swift; path = HomeVC.swift; sourceTree = "<group>"; };
		7CED0D9C26178F8800FE4893 /* Base */ = {isa = PBXFileReference; lastKnownFileType = file.storyboard; name = Base; path = Base.lproj/Main.storyboard; sourceTree = "<group>"; };
		7CED0D9E26178F8900FE4893 /* Assets.xcassets */ = {isa = PBXFileReference; lastKnownFileType = folder.assetcatalog; path = Assets.xcassets; sourceTree = "<group>"; };
		7CED0DA126178F8900FE4893 /* Base */ = {isa = PBXFileReference; lastKnownFileType = file.storyboard; name = Base; path = Base.lproj/LaunchScreen.storyboard; sourceTree = "<group>"; };
		7CED0DA326178F8900FE4893 /* Info.plist */ = {isa = PBXFileReference; lastKnownFileType = text.plist.xml; path = Info.plist; sourceTree = "<group>"; };
		7CED0DAC26179B3400FE4893 /* CollectionVC.swift */ = {isa = PBXFileReference; lastKnownFileType = sourcecode.swift; path = CollectionVC.swift; sourceTree = "<group>"; };
/* End PBXFileReference section */

/* Begin PBXFrameworksBuildPhase section */
		7CED0D8F26178F8800FE4893 /* Frameworks */ = {
			isa = PBXFrameworksBuildPhase;
			buildActionMask = 2147483647;
			files = (
			);
			runOnlyForDeploymentPostprocessing = 0;
		};
/* End PBXFrameworksBuildPhase section */

/* Begin PBXGroup section */
		7CED0D8926178F8800FE4893 = {
			isa = PBXGroup;
			children = (
				7CED0D9426178F8800FE4893 /* CustomCollectionViewLayout */,
				7CED0D9326178F8800FE4893 /* Products */,
			);
			sourceTree = "<group>";
		};
		7CED0D9326178F8800FE4893 /* Products */ = {
			isa = PBXGroup;
			children = (
				7CED0D9226178F8800FE4893 /* CustomCollectionViewLayout.app */,
			);
			name = Products;
			sourceTree = "<group>";
		};
		7CED0D9426178F8800FE4893 /* CustomCollectionViewLayout */ = {
			isa = PBXGroup;
			children = (
				7CED0DAA2617943700FE4893 /* Pinterest */,
				7CED0D9526178F8800FE4893 /* AppDelegate.swift */,
				7CED0D9726178F8800FE4893 /* SceneDelegate.swift */,
				7CED0D9926178F8800FE4893 /* HomeVC.swift */,
				7CED0DAC26179B3400FE4893 /* CollectionVC.swift */,
				7CED0D9B26178F8800FE4893 /* Main.storyboard */,
				7CED0D9E26178F8900FE4893 /* Assets.xcassets */,
				7CED0DA026178F8900FE4893 /* LaunchScreen.storyboard */,
				7CED0DA326178F8900FE4893 /* Info.plist */,
			);
			path = CustomCollectionViewLayout;
			sourceTree = "<group>";
		};
		7CED0DAA2617943700FE4893 /* Pinterest */ = {
			isa = PBXGroup;
			children = (
			);
			path = Pinterest;
			sourceTree = "<group>";
		};
/* End PBXGroup section */

/* Begin PBXNativeTarget section */
		7CED0D9126178F8800FE4893 /* CustomCollectionViewLayout */ = {
			isa = PBXNativeTarget;
			buildConfigurationList = 7CED0DA626178F8900FE4893 /* Build configuration list for PBXNativeTarget "CustomCollectionViewLayout" */;
			buildPhases = (
				7CED0D8E26178F8800FE4893 /* Sources */,
				7CED0D8F26178F8800FE4893 /* Frameworks */,
				7CED0D9026178F8800FE4893 /* Resources */,
			);
			buildRules = (
			);
			dependencies = (
			);
			name = CustomCollectionViewLayout;
			productName = CustomCollectionViewLayout;
			productReference = 7CED0D9226178F8800FE4893 /* CustomCollectionViewLayout.app */;
			productType = "com.apple.product-type.application";
		};
/* End PBXNativeTarget section */

/* Begin PBXProject section */
		7CED0D8A26178F8800FE4893 /* Project object */ = {
			isa = PBXProject;
			attributes = {
				LastSwiftUpdateCheck = 1240;
				LastUpgradeCheck = 1240;
				TargetAttributes = {
					7CED0D9126178F8800FE4893 = {
						CreatedOnToolsVersion = 12.4;
					};
				};
			};
			buildConfigurationList = 7CED0D8D26178F8800FE4893 /* Build configuration list for PBXProject "CustomCollectionViewLayout" */;
			compatibilityVersion = "Xcode 9.3";
			developmentRegion = en;
			hasScannedForEncodings = 0;
			knownRegions = (
				en,
				Base,
			);
			mainGroup = 7CED0D8926178F8800FE4893;
			productRefGroup = 7CED0D9326178F8800FE4893 /* Products */;
			projectDirPath = "";
			projectRoot = "";
			targets = (
				7CED0D9126178F8800FE4893 /* CustomCollectionViewLayout */,
			);
		};
/* End PBXProject section */

/* Begin PBXResourcesBuildPhase section */
		7CED0D9026178F8800FE4893 /* Resources */ = {
			isa = PBXResourcesBuildPhase;
			buildActionMask = 2147483647;
			files = (
				7CED0DA226178F8900FE4893 /* LaunchScreen.storyboard in Resources */,
				7CED0D9F26178F8900FE4893 /* Assets.xcassets in Resources */,
				7CED0D9D26178F8800FE4893 /* Main.storyboard in Resources */,
			);
			runOnlyForDeploymentPostprocessing = 0;
		};
/* End PBXResourcesBuildPhase section */

/* Begin PBXSourcesBuildPhase section */
		7CED0D8E26178F8800FE4893 /* Sources */ = {
			isa = PBXSourcesBuildPhase;
			buildActionMask = 2147483647;
			files = (
				7CED0D9A26178F8800FE4893 /* HomeVC.swift in Sources */,
				7CED0D9626178F8800FE4893 /* AppDelegate.swift in Sources */,
				7CED0D9826178F8800FE4893 /* SceneDelegate.swift in Sources */,
				7CED0DAD26179B3400FE4893 /* CollectionVC.swift in Sources */,
			);
			runOnlyForDeploymentPostprocessing = 0;
		};
/* End PBXSourcesBuildPhase section */

/* Begin PBXVariantGroup section */
		7CED0D9B26178F8800FE4893 /* Main.storyboard */ = {
			isa = PBXVariantGroup;
			children = (
				7CED0D9C26178F8800FE4893 /* Base */,
			);
			name = Main.storyboard;
			sourceTree = "<group>";
		};
		7CED0DA026178F8900FE4893 /* LaunchScreen.storyboard */ = {
			isa = PBXVariantGroup;
			children = (
				7CED0DA126178F8900FE4893 /* Base */,
			);
			name = LaunchScreen.storyboard;
			sourceTree = "<group>";
		};
/* End PBXVariantGroup section */

/* Begin XCBuildConfiguration section */
		7CED0DA426178F8900FE4893 /* Debug */ = {
			isa = XCBuildConfiguration;
			buildSettings = {
				ALWAYS_SEARCH_USER_PATHS = NO;
				CLANG_ANALYZER_NONNULL = YES;
				CLANG_ANALYZER_NUMBER_OBJECT_CONVERSION = YES_AGGRESSIVE;
				CLANG_CXX_LANGUAGE_STANDARD = "gnu++14";
				CLANG_CXX_LIBRARY = "libc++";
				CLANG_ENABLE_MODULES = YES;
				CLANG_ENABLE_OBJC_ARC = YES;
				CLANG_ENABLE_OBJC_WEAK = YES;
				CLANG_WARN_BLOCK_CAPTURE_AUTORELEASING = YES;
				CLANG_WARN_BOOL_CONVERSION = YES;
				CLANG_WARN_COMMA = YES;
				CLANG_WARN_CONSTANT_CONVERSION = YES;
				CLANG_WARN_DEPRECATED_OBJC_IMPLEMENTATIONS = YES;
				CLANG_WARN_DIRECT_OBJC_ISA_USAGE = YES_ERROR;
				CLANG_WARN_DOCUMENTATION_COMMENTS = YES;
				CLANG_WARN_EMPTY_BODY = YES;
				CLANG_WARN_ENUM_CONVERSION = YES;
				CLANG_WARN_INFINITE_RECURSION = YES;
				CLANG_WARN_INT_CONVERSION = YES;
				CLANG_WARN_NON_LITERAL_NULL_CONVERSION = YES;
				CLANG_WARN_OBJC_IMPLICIT_RETAIN_SELF = YES;
				CLANG_WARN_OBJC_LITERAL_CONVERSION = YES;
				CLANG_WARN_OBJC_ROOT_CLASS = YES_ERROR;
				CLANG_WARN_QUOTED_INCLUDE_IN_FRAMEWORK_HEADER = YES;
				CLANG_WARN_RANGE_LOOP_ANALYSIS = YES;
				CLANG_WARN_STRICT_PROTOTYPES = YES;
				CLANG_WARN_SUSPICIOUS_MOVE = YES;
				CLANG_WARN_UNGUARDED_AVAILABILITY = YES_AGGRESSIVE;
				CLANG_WARN_UNREACHABLE_CODE = YES;
				CLANG_WARN__DUPLICATE_METHOD_MATCH = YES;
				COPY_PHASE_STRIP = NO;
				DEBUG_INFORMATION_FORMAT = dwarf;
				ENABLE_STRICT_OBJC_MSGSEND = YES;
				ENABLE_TESTABILITY = YES;
				GCC_C_LANGUAGE_STANDARD = gnu11;
				GCC_DYNAMIC_NO_PIC = NO;
				GCC_NO_COMMON_BLOCKS = YES;
				GCC_OPTIMIZATION_LEVEL = 0;
				GCC_PREPROCESSOR_DEFINITIONS = (
					"DEBUG=1",
					"$(inherited)",
				);
				GCC_WARN_64_TO_32_BIT_CONVERSION = YES;
				GCC_WARN_ABOUT_RETURN_TYPE = YES_ERROR;
				GCC_WARN_UNDECLARED_SELECTOR = YES;
				GCC_WARN_UNINITIALIZED_AUTOS = YES_AGGRESSIVE;
				GCC_WARN_UNUSED_FUNCTION = YES;
				GCC_WARN_UNUSED_VARIABLE = YES;
				IPHONEOS_DEPLOYMENT_TARGET = 14.4;
				MTL_ENABLE_DEBUG_INFO = INCLUDE_SOURCE;
				MTL_FAST_MATH = YES;
				ONLY_ACTIVE_ARCH = YES;
				SDKROOT = iphoneos;
				SWIFT_ACTIVE_COMPILATION_CONDITIONS = DEBUG;
				SWIFT_OPTIMIZATION_LEVEL = "-Onone";
			};
			name = Debug;
		};
		7CED0DA526178F8900FE4893 /* Release */ = {
			isa = XCBuildConfiguration;
			buildSettings = {
				ALWAYS_SEARCH_USER_PATHS = NO;
				CLANG_ANALYZER_NONNULL = YES;
				CLANG_ANALYZER_NUMBER_OBJECT_CONVERSION = YES_AGGRESSIVE;
				CLANG_CXX_LANGUAGE_STANDARD = "gnu++14";
				CLANG_CXX_LIBRARY = "libc++";
				CLANG_ENABLE_MODULES = YES;
				CLANG_ENABLE_OBJC_ARC = YES;
				CLANG_ENABLE_OBJC_WEAK = YES;
				CLANG_WARN_BLOCK_CAPTURE_AUTORELEASING = YES;
				CLANG_WARN_BOOL_CONVERSION = YES;
				CLANG_WARN_COMMA = YES;
				CLANG_WARN_CONSTANT_CONVERSION = YES;
				CLANG_WARN_DEPRECATED_OBJC_IMPLEMENTATIONS = YES;
				CLANG_WARN_DIRECT_OBJC_ISA_USAGE = YES_ERROR;
				CLANG_WARN_DOCUMENTATION_COMMENTS = YES;
				CLANG_WARN_EMPTY_BODY = YES;
				CLANG_WARN_ENUM_CONVERSION = YES;
				CLANG_WARN_INFINITE_RECURSION = YES;
				CLANG_WARN_INT_CONVERSION = YES;
				CLANG_WARN_NON_LITERAL_NULL_CONVERSION = YES;
				CLANG_WARN_OBJC_IMPLICIT_RETAIN_SELF = YES;
				CLANG_WARN_OBJC_LITERAL_CONVERSION = YES;
				CLANG_WARN_OBJC_ROOT_CLASS = YES_ERROR;
				CLANG_WARN_QUOTED_INCLUDE_IN_FRAMEWORK_HEADER = YES;
				CLANG_WARN_RANGE_LOOP_ANALYSIS = YES;
				CLANG_WARN_STRICT_PROTOTYPES = YES;
				CLANG_WARN_SUSPICIOUS_MOVE = YES;
				CLANG_WARN_UNGUARDED_AVAILABILITY = YES_AGGRESSIVE;
				CLANG_WARN_UNREACHABLE_CODE = YES;
				CLANG_WARN__DUPLICATE_METHOD_MATCH = YES;
				COPY_PHASE_STRIP = NO;
				DEBUG_INFORMATION_FORMAT = "dwarf-with-dsym";
				ENABLE_NS_ASSERTIONS = NO;
				ENABLE_STRICT_OBJC_MSGSEND = YES;
				GCC_C_LANGUAGE_STANDARD = gnu11;
				GCC_NO_COMMON_BLOCKS = YES;
				GCC_WARN_64_TO_32_BIT_CONVERSION = YES;
				GCC_WARN_ABOUT_RETURN_TYPE = YES_ERROR;
				GCC_WARN_UNDECLARED_SELECTOR = YES;
				GCC_WARN_UNINITIALIZED_AUTOS = YES_AGGRESSIVE;
				GCC_WARN_UNUSED_FUNCTION = YES;
				GCC_WARN_UNUSED_VARIABLE = YES;
				IPHONEOS_DEPLOYMENT_TARGET = 14.4;
				MTL_ENABLE_DEBUG_INFO = NO;
				MTL_FAST_MATH = YES;
				SDKROOT = iphoneos;
				SWIFT_COMPILATION_MODE = wholemodule;
				SWIFT_OPTIMIZATION_LEVEL = "-O";
				VALIDATE_PRODUCT = YES;
			};
			name = Release;
		};
		7CED0DA726178F8900FE4893 /* Debug */ = {
			isa = XCBuildConfiguration;
			buildSettings = {
				ASSETCATALOG_COMPILER_APPICON_NAME = AppIcon;
				ASSETCATALOG_COMPILER_GLOBAL_ACCENT_COLOR_NAME = AccentColor;
				CODE_SIGN_STYLE = Automatic;
				DEVELOPMENT_TEAM = 6B84R8H562;
				INFOPLIST_FILE = CustomCollectionViewLayout/Info.plist;
				LD_RUNPATH_SEARCH_PATHS = (
					"$(inherited)",
					"@executable_path/Frameworks",
				);
				PRODUCT_BUNDLE_IDENTIFIER = dev.nazmul.CustomCollectionViewLayout;
				PRODUCT_NAME = "$(TARGET_NAME)";
				SWIFT_VERSION = 5.0;
				TARGETED_DEVICE_FAMILY = "1,2";
			};
			name = Debug;
		};
		7CED0DA826178F8900FE4893 /* Release */ = {
			isa = XCBuildConfiguration;
			buildSettings = {
				ASSETCATALOG_COMPILER_APPICON_NAME = AppIcon;
				ASSETCATALOG_COMPILER_GLOBAL_ACCENT_COLOR_NAME = AccentColor;
				CODE_SIGN_STYLE = Automatic;
				DEVELOPMENT_TEAM = 6B84R8H562;
				INFOPLIST_FILE = CustomCollectionViewLayout/Info.plist;
				LD_RUNPATH_SEARCH_PATHS = (
					"$(inherited)",
					"@executable_path/Frameworks",
				);
				PRODUCT_BUNDLE_IDENTIFIER = dev.nazmul.CustomCollectionViewLayout;
				PRODUCT_NAME = "$(TARGET_NAME)";
				SWIFT_VERSION = 5.0;
				TARGETED_DEVICE_FAMILY = "1,2";
			};
			name = Release;
		};
/* End XCBuildConfiguration section */

/* Begin XCConfigurationList section */
		7CED0D8D26178F8800FE4893 /* Build configuration list for PBXProject "CustomCollectionViewLayout" */ = {
			isa = XCConfigurationList;
			buildConfigurations = (
				7CED0DA426178F8900FE4893 /* Debug */,
				7CED0DA526178F8900FE4893 /* Release */,
			);
			defaultConfigurationIsVisible = 0;
			defaultConfigurationName = Release;
		};
		7CED0DA626178F8900FE4893 /* Build configuration list for PBXNativeTarget "CustomCollectionViewLayout" */ = {
			isa = XCConfigurationList;
			buildConfigurations = (
				7CED0DA726178F8900FE4893 /* Debug */,
				7CED0DA826178F8900FE4893 /* Release */,
			);
			defaultConfigurationIsVisible = 0;
			defaultConfigurationName = Release;
		};
/* End XCConfigurationList section */
	};
	rootObject = 7CED0D8A26178F8800FE4893 /* Project object */;
}
